// !$*UTF8*$!
{
	archiveVersion = 1;
	classes = {
	};
	objectVersion = 56;
	objects = {

/* Begin PBXBuildFile section */
		8921199028E448D100F20A6C /* PostgresClientKit in Frameworks */ = {isa = PBXBuildFile; productRef = 8921198F28E448D100F20A6C /* PostgresClientKit */; };
		8921199228E44FD900F20A6C /* LocationBox.swift in Sources */ = {isa = PBXBuildFile; fileRef = 8921199128E44FD900F20A6C /* LocationBox.swift */; };
		8921199428E483AC00F20A6C /* Comment.swift in Sources */ = {isa = PBXBuildFile; fileRef = 8921199328E483AC00F20A6C /* Comment.swift */; };
		892CF81928E0BA69005E7585 /* ImagePost.swift in Sources */ = {isa = PBXBuildFile; fileRef = 892CF81828E0BA69005E7585 /* ImagePost.swift */; };
		898DEB0228E0A29100B68AB1 /* InteractionsView.swift in Sources */ = {isa = PBXBuildFile; fileRef = 898DEB0128E0A29100B68AB1 /* InteractionsView.swift */; };
		898DEB0428E0A2E800B68AB1 /* ProfileView.swift in Sources */ = {isa = PBXBuildFile; fileRef = 898DEB0328E0A2E800B68AB1 /* ProfileView.swift */; };
		89D8F53328E08E1A0009679A /* SwiftgramApp.swift in Sources */ = {isa = PBXBuildFile; fileRef = 89D8F53228E08E1A0009679A /* SwiftgramApp.swift */; };
		89D8F53528E08E1A0009679A /* ContentView.swift in Sources */ = {isa = PBXBuildFile; fileRef = 89D8F53428E08E1A0009679A /* ContentView.swift */; };
		89D8F53728E08E1C0009679A /* Assets.xcassets in Resources */ = {isa = PBXBuildFile; fileRef = 89D8F53628E08E1C0009679A /* Assets.xcassets */; };
		89D8F53A28E08E1C0009679A /* Preview Assets.xcassets in Resources */ = {isa = PBXBuildFile; fileRef = 89D8F53928E08E1C0009679A /* Preview Assets.xcassets */; };
		89D8F54128E09DD40009679A /* FeedView.swift in Sources */ = {isa = PBXBuildFile; fileRef = 89D8F54028E09DD40009679A /* FeedView.swift */; };
		89D8F54928E0A1930009679A /* DiscoverView.swift in Sources */ = {isa = PBXBuildFile; fileRef = 89D8F54828E0A1930009679A /* DiscoverView.swift */; };
		89E1775E28E398750008A20B /* ImageLoader.swift in Sources */ = {isa = PBXBuildFile; fileRef = 89E1775D28E398750008A20B /* ImageLoader.swift */; };
/* End PBXBuildFile section */

/* Begin PBXFileReference section */
		8921199128E44FD900F20A6C /* LocationBox.swift */ = {isa = PBXFileReference; lastKnownFileType = sourcecode.swift; path = LocationBox.swift; sourceTree = "<group>"; };
		8921199328E483AC00F20A6C /* Comment.swift */ = {isa = PBXFileReference; lastKnownFileType = sourcecode.swift; path = Comment.swift; sourceTree = "<group>"; };
		892CF81828E0BA69005E7585 /* ImagePost.swift */ = {isa = PBXFileReference; lastKnownFileType = sourcecode.swift; path = ImagePost.swift; sourceTree = "<group>"; };
		898DEB0128E0A29100B68AB1 /* InteractionsView.swift */ = {isa = PBXFileReference; lastKnownFileType = sourcecode.swift; path = InteractionsView.swift; sourceTree = "<group>"; };
		898DEB0328E0A2E800B68AB1 /* ProfileView.swift */ = {isa = PBXFileReference; lastKnownFileType = sourcecode.swift; path = ProfileView.swift; sourceTree = "<group>"; usesTabs = 0; };
		89D8F52F28E08E1A0009679A /* Swiftgram.app */ = {isa = PBXFileReference; explicitFileType = wrapper.application; includeInIndex = 0; path = Swiftgram.app; sourceTree = BUILT_PRODUCTS_DIR; };
		89D8F53228E08E1A0009679A /* SwiftgramApp.swift */ = {isa = PBXFileReference; lastKnownFileType = sourcecode.swift; path = SwiftgramApp.swift; sourceTree = "<group>"; };
		89D8F53428E08E1A0009679A /* ContentView.swift */ = {isa = PBXFileReference; lastKnownFileType = sourcecode.swift; path = ContentView.swift; sourceTree = "<group>"; };
		89D8F53628E08E1C0009679A /* Assets.xcassets */ = {isa = PBXFileReference; lastKnownFileType = folder.assetcatalog; path = Assets.xcassets; sourceTree = "<group>"; };
		89D8F53928E08E1C0009679A /* Preview Assets.xcassets */ = {isa = PBXFileReference; lastKnownFileType = folder.assetcatalog; path = "Preview Assets.xcassets"; sourceTree = "<group>"; };
		89D8F54028E09DD40009679A /* FeedView.swift */ = {isa = PBXFileReference; lastKnownFileType = sourcecode.swift; path = FeedView.swift; sourceTree = "<group>"; };
		89D8F54828E0A1930009679A /* DiscoverView.swift */ = {isa = PBXFileReference; lastKnownFileType = sourcecode.swift; path = DiscoverView.swift; sourceTree = "<group>"; };
		89E1775D28E398750008A20B /* ImageLoader.swift */ = {isa = PBXFileReference; lastKnownFileType = sourcecode.swift; path = ImageLoader.swift; sourceTree = "<group>"; };
/* End PBXFileReference section */

/* Begin PBXFrameworksBuildPhase section */
		89D8F52C28E08E1A0009679A /* Frameworks */ = {
			isa = PBXFrameworksBuildPhase;
			buildActionMask = 2147483647;
			files = (
				8921199028E448D100F20A6C /* PostgresClientKit in Frameworks */,
			);
			runOnlyForDeploymentPostprocessing = 0;
		};
/* End PBXFrameworksBuildPhase section */

/* Begin PBXGroup section */
		89D8F52628E08E1A0009679A = {
			isa = PBXGroup;
			children = (
				89D8F53128E08E1A0009679A /* Swiftgram */,
				89D8F53028E08E1A0009679A /* Products */,
			);
			sourceTree = "<group>";
		};
		89D8F53028E08E1A0009679A /* Products */ = {
			isa = PBXGroup;
			children = (
				89D8F52F28E08E1A0009679A /* Swiftgram.app */,
			);
			name = Products;
			sourceTree = "<group>";
		};
		89D8F53128E08E1A0009679A /* Swiftgram */ = {
			isa = PBXGroup;
			children = (
				89D8F53228E08E1A0009679A /* SwiftgramApp.swift */,
				89E1775D28E398750008A20B /* ImageLoader.swift */,
				89E1775B28E397D10008A20B /* Scenes */,
				89E1775C28E397F10008A20B /* Prefabs */,
				89D8F53628E08E1C0009679A /* Assets.xcassets */,
				89D8F53828E08E1C0009679A /* Preview Content */,
			);
			path = Swiftgram;
			sourceTree = "<group>";
		};
		89D8F53828E08E1C0009679A /* Preview Content */ = {
			isa = PBXGroup;
			children = (
				89D8F53928E08E1C0009679A /* Preview Assets.xcassets */,
			);
			path = "Preview Content";
			sourceTree = "<group>";
		};
		89E1775B28E397D10008A20B /* Scenes */ = {
			isa = PBXGroup;
			children = (
				89D8F53428E08E1A0009679A /* ContentView.swift */,
				89D8F54028E09DD40009679A /* FeedView.swift */,
				89D8F54828E0A1930009679A /* DiscoverView.swift */,
				898DEB0128E0A29100B68AB1 /* InteractionsView.swift */,
				898DEB0328E0A2E800B68AB1 /* ProfileView.swift */,
			);
			path = Scenes;
			sourceTree = "<group>";
		};
		89E1775C28E397F10008A20B /* Prefabs */ = {
			isa = PBXGroup;
			children = (
				892CF81828E0BA69005E7585 /* ImagePost.swift */,
				8921199128E44FD900F20A6C /* LocationBox.swift */,
				8921199328E483AC00F20A6C /* Comment.swift */,
			);
			path = Prefabs;
			sourceTree = "<group>";
		};
/* End PBXGroup section */

/* Begin PBXNativeTarget section */
		89D8F52E28E08E1A0009679A /* Swiftgram */ = {
			isa = PBXNativeTarget;
			buildConfigurationList = 89D8F53D28E08E1C0009679A /* Build configuration list for PBXNativeTarget "Swiftgram" */;
			buildPhases = (
				89D8F52B28E08E1A0009679A /* Sources */,
				89D8F52C28E08E1A0009679A /* Frameworks */,
				89D8F52D28E08E1A0009679A /* Resources */,
			);
			buildRules = (
			);
			dependencies = (
			);
			name = Swiftgram;
			packageProductDependencies = (
				8921198F28E448D100F20A6C /* PostgresClientKit */,
			);
			productName = Swiftgram;
			productReference = 89D8F52F28E08E1A0009679A /* Swiftgram.app */;
			productType = "com.apple.product-type.application";
		};
/* End PBXNativeTarget section */

/* Begin PBXProject section */
		89D8F52728E08E1A0009679A /* Project object */ = {
			isa = PBXProject;
			attributes = {
				BuildIndependentTargetsInParallel = 1;
				LastSwiftUpdateCheck = 1400;
				LastUpgradeCheck = 1400;
				TargetAttributes = {
					89D8F52E28E08E1A0009679A = {
						CreatedOnToolsVersion = 14.0;
					};
				};
			};
			buildConfigurationList = 89D8F52A28E08E1A0009679A /* Build configuration list for PBXProject "Swiftgram" */;
			compatibilityVersion = "Xcode 14.0";
			developmentRegion = en;
			hasScannedForEncodings = 0;
			knownRegions = (
				en,
				Base,
			);
			mainGroup = 89D8F52628E08E1A0009679A;
			packageReferences = (
				8921198E28E448D100F20A6C /* XCRemoteSwiftPackageReference "PostgresClientKit" */,
			);
			productRefGroup = 89D8F53028E08E1A0009679A /* Products */;
			projectDirPath = "";
			projectRoot = "";
			targets = (
				89D8F52E28E08E1A0009679A /* Swiftgram */,
			);
		};
/* End PBXProject section */

/* Begin PBXResourcesBuildPhase section */
		89D8F52D28E08E1A0009679A /* Resources */ = {
			isa = PBXResourcesBuildPhase;
			buildActionMask = 2147483647;
			files = (
				89D8F53A28E08E1C0009679A /* Preview Assets.xcassets in Resources */,
				89D8F53728E08E1C0009679A /* Assets.xcassets in Resources */,
			);
			runOnlyForDeploymentPostprocessing = 0;
		};
/* End PBXResourcesBuildPhase section */

/* Begin PBXSourcesBuildPhase section */
		89D8F52B28E08E1A0009679A /* Sources */ = {
			isa = PBXSourcesBuildPhase;
			buildActionMask = 2147483647;
			files = (
				892CF81928E0BA69005E7585 /* ImagePost.swift in Sources */,
				89D8F53528E08E1A0009679A /* ContentView.swift in Sources */,
				89D8F54128E09DD40009679A /* FeedView.swift in Sources */,
				8921199228E44FD900F20A6C /* LocationBox.swift in Sources */,
				89D8F53328E08E1A0009679A /* SwiftgramApp.swift in Sources */,
				8921199428E483AC00F20A6C /* Comment.swift in Sources */,
				898DEB0428E0A2E800B68AB1 /* ProfileView.swift in Sources */,
				898DEB0228E0A29100B68AB1 /* InteractionsView.swift in Sources */,
				89E1775E28E398750008A20B /* ImageLoader.swift in Sources */,
				89D8F54928E0A1930009679A /* DiscoverView.swift in Sources */,
			);
			runOnlyForDeploymentPostprocessing = 0;
		};
/* End PBXSourcesBuildPhase section */

/* Begin XCBuildConfiguration section */
		89D8F53B28E08E1C0009679A /* Debug */ = {
			isa = XCBuildConfiguration;
			buildSettings = {
				ALWAYS_SEARCH_USER_PATHS = NO;
				CLANG_ANALYZER_NONNULL = YES;
				CLANG_ANALYZER_NUMBER_OBJECT_CONVERSION = YES_AGGRESSIVE;
				CLANG_CXX_LANGUAGE_STANDARD = "gnu++20";
				CLANG_ENABLE_MODULES = YES;
				CLANG_ENABLE_OBJC_ARC = YES;
				CLANG_ENABLE_OBJC_WEAK = YES;
				CLANG_WARN_BLOCK_CAPTURE_AUTORELEASING = YES;
				CLANG_WARN_BOOL_CONVERSION = YES;
				CLANG_WARN_COMMA = YES;
				CLANG_WARN_CONSTANT_CONVERSION = YES;
				CLANG_WARN_DEPRECATED_OBJC_IMPLEMENTATIONS = YES;
				CLANG_WARN_DIRECT_OBJC_ISA_USAGE = YES_ERROR;
				CLANG_WARN_DOCUMENTATION_COMMENTS = YES;
				CLANG_WARN_EMPTY_BODY = YES;
				CLANG_WARN_ENUM_CONVERSION = YES;
				CLANG_WARN_INFINITE_RECURSION = YES;
				CLANG_WARN_INT_CONVERSION = YES;
				CLANG_WARN_NON_LITERAL_NULL_CONVERSION = YES;
				CLANG_WARN_OBJC_IMPLICIT_RETAIN_SELF = YES;
				CLANG_WARN_OBJC_LITERAL_CONVERSION = YES;
				CLANG_WARN_OBJC_ROOT_CLASS = YES_ERROR;
				CLANG_WARN_QUOTED_INCLUDE_IN_FRAMEWORK_HEADER = YES;
				CLANG_WARN_RANGE_LOOP_ANALYSIS = YES;
				CLANG_WARN_STRICT_PROTOTYPES = YES;
				CLANG_WARN_SUSPICIOUS_MOVE = YES;
				CLANG_WARN_UNGUARDED_AVAILABILITY = YES_AGGRESSIVE;
				CLANG_WARN_UNREACHABLE_CODE = YES;
				CLANG_WARN__DUPLICATE_METHOD_MATCH = YES;
				COPY_PHASE_STRIP = NO;
				DEBUG_INFORMATION_FORMAT = dwarf;
				ENABLE_STRICT_OBJC_MSGSEND = YES;
				ENABLE_TESTABILITY = YES;
				GCC_C_LANGUAGE_STANDARD = gnu11;
				GCC_DYNAMIC_NO_PIC = NO;
				GCC_NO_COMMON_BLOCKS = YES;
				GCC_OPTIMIZATION_LEVEL = 0;
				GCC_PREPROCESSOR_DEFINITIONS = (
					"DEBUG=1",
					"$(inherited)",
				);
				GCC_WARN_64_TO_32_BIT_CONVERSION = YES;
				GCC_WARN_ABOUT_RETURN_TYPE = YES_ERROR;
				GCC_WARN_UNDECLARED_SELECTOR = YES;
				GCC_WARN_UNINITIALIZED_AUTOS = YES_AGGRESSIVE;
				GCC_WARN_UNUSED_FUNCTION = YES;
				GCC_WARN_UNUSED_VARIABLE = YES;
				IPHONEOS_DEPLOYMENT_TARGET = 16.0;
				MTL_ENABLE_DEBUG_INFO = INCLUDE_SOURCE;
				MTL_FAST_MATH = YES;
				ONLY_ACTIVE_ARCH = YES;
				SDKROOT = iphoneos;
				SWIFT_ACTIVE_COMPILATION_CONDITIONS = DEBUG;
				SWIFT_OPTIMIZATION_LEVEL = "-Onone";
			};
			name = Debug;
		};
		89D8F53C28E08E1C0009679A /* Release */ = {
			isa = XCBuildConfiguration;
			buildSettings = {
				ALWAYS_SEARCH_USER_PATHS = NO;
				CLANG_ANALYZER_NONNULL = YES;
				CLANG_ANALYZER_NUMBER_OBJECT_CONVERSION = YES_AGGRESSIVE;
				CLANG_CXX_LANGUAGE_STANDARD = "gnu++20";
				CLANG_ENABLE_MODULES = YES;
				CLANG_ENABLE_OBJC_ARC = YES;
				CLANG_ENABLE_OBJC_WEAK = YES;
				CLANG_WARN_BLOCK_CAPTURE_AUTORELEASING = YES;
				CLANG_WARN_BOOL_CONVERSION = YES;
				CLANG_WARN_COMMA = YES;
				CLANG_WARN_CONSTANT_CONVERSION = YES;
				CLANG_WARN_DEPRECATED_OBJC_IMPLEMENTATIONS = YES;
				CLANG_WARN_DIRECT_OBJC_ISA_USAGE = YES_ERROR;
				CLANG_WARN_DOCUMENTATION_COMMENTS = YES;
				CLANG_WARN_EMPTY_BODY = YES;
				CLANG_WARN_ENUM_CONVERSION = YES;
				CLANG_WARN_INFINITE_RECURSION = YES;
				CLANG_WARN_INT_CONVERSION = YES;
				CLANG_WARN_NON_LITERAL_NULL_CONVERSION = YES;
				CLANG_WARN_OBJC_IMPLICIT_RETAIN_SELF = YES;
				CLANG_WARN_OBJC_LITERAL_CONVERSION = YES;
				CLANG_WARN_OBJC_ROOT_CLASS = YES_ERROR;
				CLANG_WARN_QUOTED_INCLUDE_IN_FRAMEWORK_HEADER = YES;
				CLANG_WARN_RANGE_LOOP_ANALYSIS = YES;
				CLANG_WARN_STRICT_PROTOTYPES = YES;
				CLANG_WARN_SUSPICIOUS_MOVE = YES;
				CLANG_WARN_UNGUARDED_AVAILABILITY = YES_AGGRESSIVE;
				CLANG_WARN_UNREACHABLE_CODE = YES;
				CLANG_WARN__DUPLICATE_METHOD_MATCH = YES;
				COPY_PHASE_STRIP = NO;
				DEBUG_INFORMATION_FORMAT = "dwarf-with-dsym";
				ENABLE_NS_ASSERTIONS = NO;
				ENABLE_STRICT_OBJC_MSGSEND = YES;
				GCC_C_LANGUAGE_STANDARD = gnu11;
				GCC_NO_COMMON_BLOCKS = YES;
				GCC_WARN_64_TO_32_BIT_CONVERSION = YES;
				GCC_WARN_ABOUT_RETURN_TYPE = YES_ERROR;
				GCC_WARN_UNDECLARED_SELECTOR = YES;
				GCC_WARN_UNINITIALIZED_AUTOS = YES_AGGRESSIVE;
				GCC_WARN_UNUSED_FUNCTION = YES;
				GCC_WARN_UNUSED_VARIABLE = YES;
				IPHONEOS_DEPLOYMENT_TARGET = 16.0;
				MTL_ENABLE_DEBUG_INFO = NO;
				MTL_FAST_MATH = YES;
				SDKROOT = iphoneos;
				SWIFT_COMPILATION_MODE = wholemodule;
				SWIFT_OPTIMIZATION_LEVEL = "-O";
				VALIDATE_PRODUCT = YES;
			};
			name = Release;
		};
		89D8F53E28E08E1C0009679A /* Debug */ = {
			isa = XCBuildConfiguration;
			buildSettings = {
				ASSETCATALOG_COMPILER_APPICON_NAME = AppIcon;
				ASSETCATALOG_COMPILER_GLOBAL_ACCENT_COLOR_NAME = AccentColor;
				CODE_SIGN_STYLE = Automatic;
				CURRENT_PROJECT_VERSION = 1;
				DEVELOPMENT_ASSET_PATHS = "\"Swiftgram/Preview Content\"";
				DEVELOPMENT_TEAM = XB3KD3V58C;
				ENABLE_PREVIEWS = YES;
				GENERATE_INFOPLIST_FILE = YES;
				INFOPLIST_KEY_CFBundleDisplayName = Swiftgram;
				INFOPLIST_KEY_LSApplicationCategoryType = "public.app-category.lifestyle";
				INFOPLIST_KEY_UIApplicationSceneManifest_Generation = YES;
				INFOPLIST_KEY_UIApplicationSupportsIndirectInputEvents = YES;
				INFOPLIST_KEY_UILaunchScreen_Generation = YES;
				INFOPLIST_KEY_UIStatusBarHidden = NO;
				INFOPLIST_KEY_UIStatusBarStyle = UIStatusBarStyleLightContent;
				INFOPLIST_KEY_UISupportedInterfaceOrientations = UIInterfaceOrientationPortrait;
				LD_RUNPATH_SEARCH_PATHS = (
					"$(inherited)",
					"@executable_path/Frameworks",
				);
				MARKETING_VERSION = 0.1;
				PRODUCT_BUNDLE_IDENTIFIER = de.LeLoomi.swiftgram;
				PRODUCT_NAME = "$(TARGET_NAME)";
				SUPPORTED_PLATFORMS = "iphoneos iphonesimulator";
				SUPPORTS_MACCATALYST = NO;
				SUPPORTS_MAC_DESIGNED_FOR_IPHONE_IPAD = NO;
				SWIFT_EMIT_LOC_STRINGS = YES;
				SWIFT_VERSION = 5.0;
				TARGETED_DEVICE_FAMILY = 1;
			};
			name = Debug;
		};
		89D8F53F28E08E1C0009679A /* Release */ = {
			isa = XCBuildConfiguration;
			buildSettings = {
				ASSETCATALOG_COMPILER_APPICON_NAME = AppIcon;
				ASSETCATALOG_COMPILER_GLOBAL_ACCENT_COLOR_NAME = AccentColor;
				CODE_SIGN_STYLE = Automatic;
				CURRENT_PROJECT_VERSION = 1;
				DEVELOPMENT_ASSET_PATHS = "\"Swiftgram/Preview Content\"";
				DEVELOPMENT_TEAM = XB3KD3V58C;
				ENABLE_PREVIEWS = YES;
				GENERATE_INFOPLIST_FILE = YES;
				INFOPLIST_KEY_CFBundleDisplayName = Swiftgram;
				INFOPLIST_KEY_LSApplicationCategoryType = "public.app-category.lifestyle";
				INFOPLIST_KEY_UIApplicationSceneManifest_Generation = YES;
				INFOPLIST_KEY_UIApplicationSupportsIndirectInputEvents = YES;
				INFOPLIST_KEY_UILaunchScreen_Generation = YES;
				INFOPLIST_KEY_UIStatusBarHidden = NO;
				INFOPLIST_KEY_UIStatusBarStyle = UIStatusBarStyleLightContent;
				INFOPLIST_KEY_UISupportedInterfaceOrientations = UIInterfaceOrientationPortrait;
				LD_RUNPATH_SEARCH_PATHS = (
					"$(inherited)",
					"@executable_path/Frameworks",
				);
				MARKETING_VERSION = 0.1;
				PRODUCT_BUNDLE_IDENTIFIER = de.LeLoomi.swiftgram;
				PRODUCT_NAME = "$(TARGET_NAME)";
				SUPPORTED_PLATFORMS = "iphoneos iphonesimulator";
				SUPPORTS_MACCATALYST = NO;
				SUPPORTS_MAC_DESIGNED_FOR_IPHONE_IPAD = NO;
				SWIFT_EMIT_LOC_STRINGS = YES;
				SWIFT_VERSION = 5.0;
				TARGETED_DEVICE_FAMILY = 1;
			};
			name = Release;
		};
/* End XCBuildConfiguration section */

/* Begin XCConfigurationList section */
		89D8F52A28E08E1A0009679A /* Build configuration list for PBXProject "Swiftgram" */ = {
			isa = XCConfigurationList;
			buildConfigurations = (
				89D8F53B28E08E1C0009679A /* Debug */,
				89D8F53C28E08E1C0009679A /* Release */,
			);
			defaultConfigurationIsVisible = 0;
			defaultConfigurationName = Release;
		};
		89D8F53D28E08E1C0009679A /* Build configuration list for PBXNativeTarget "Swiftgram" */ = {
			isa = XCConfigurationList;
			buildConfigurations = (
				89D8F53E28E08E1C0009679A /* Debug */,
				89D8F53F28E08E1C0009679A /* Release */,
			);
			defaultConfigurationIsVisible = 0;
			defaultConfigurationName = Release;
		};
/* End XCConfigurationList section */

/* Begin XCRemoteSwiftPackageReference section */
		8921198E28E448D100F20A6C /* XCRemoteSwiftPackageReference "PostgresClientKit" */ = {
			isa = XCRemoteSwiftPackageReference;
			repositoryURL = "https://github.com/codewinsdotcom/PostgresClientKit";
			requirement = {
				branch = master;
				kind = branch;
			};
		};
/* End XCRemoteSwiftPackageReference section */

/* Begin XCSwiftPackageProductDependency section */
		8921198F28E448D100F20A6C /* PostgresClientKit */ = {
			isa = XCSwiftPackageProductDependency;
			package = 8921198E28E448D100F20A6C /* XCRemoteSwiftPackageReference "PostgresClientKit" */;
			productName = PostgresClientKit;
		};
/* End XCSwiftPackageProductDependency section */
	};
	rootObject = 89D8F52728E08E1A0009679A /* Project object */;
}
