// !$*UTF8*$!
{
	archiveVersion = 1;
	classes = {
	};
	objectVersion = 56;
	objects = {

/* Begin PBXBuildFile section */
		89DC69E328DB66EC00CA545D /* AppDelegate.swift in Sources */ = {isa = PBXBuildFile; fileRef = 89DC69E228DB66EC00CA545D /* AppDelegate.swift */; };
		89DC69E528DB66EC00CA545D /* SceneDelegate.swift in Sources */ = {isa = PBXBuildFile; fileRef = 89DC69E428DB66EC00CA545D /* SceneDelegate.swift */; };
		89DC69E728DB66EC00CA545D /* ViewController.swift in Sources */ = {isa = PBXBuildFile; fileRef = 89DC69E628DB66EC00CA545D /* ViewController.swift */; };
		89DC69EA28DB66EC00CA545D /* Main.storyboard in Resources */ = {isa = PBXBuildFile; fileRef = 89DC69E828DB66EC00CA545D /* Main.storyboard */; };
		89DC69EC28DB66EC00CA545D /* Assets.xcassets in Resources */ = {isa = PBXBuildFile; fileRef = 89DC69EB28DB66EC00CA545D /* Assets.xcassets */; };
		89DC69EF28DB66EC00CA545D /* LaunchScreen.storyboard in Resources */ = {isa = PBXBuildFile; fileRef = 89DC69ED28DB66EC00CA545D /* LaunchScreen.storyboard */; };
		89DC69F728DB755B00CA545D /* TimelineViewController.swift in Sources */ = {isa = PBXBuildFile; fileRef = 89DC69F628DB755B00CA545D /* TimelineViewController.swift */; };
		89DC69F928DB757100CA545D /* ExploreViewController.swift in Sources */ = {isa = PBXBuildFile; fileRef = 89DC69F828DB757100CA545D /* ExploreViewController.swift */; };
		89DC69FB28DB757300CA545D /* ActivityViewController.swift in Sources */ = {isa = PBXBuildFile; fileRef = 89DC69FA28DB757300CA545D /* ActivityViewController.swift */; };
		89DC69FD28DB757500CA545D /* ProfileViewController.swift in Sources */ = {isa = PBXBuildFile; fileRef = 89DC69FC28DB757500CA545D /* ProfileViewController.swift */; };
/* End PBXBuildFile section */

/* Begin PBXFileReference section */
		89DC69DF28DB66EC00CA545D /* swiftgram.app */ = {isa = PBXFileReference; explicitFileType = wrapper.application; includeInIndex = 0; path = swiftgram.app; sourceTree = BUILT_PRODUCTS_DIR; };
		89DC69E228DB66EC00CA545D /* AppDelegate.swift */ = {isa = PBXFileReference; lastKnownFileType = sourcecode.swift; path = AppDelegate.swift; sourceTree = "<group>"; };
		89DC69E428DB66EC00CA545D /* SceneDelegate.swift */ = {isa = PBXFileReference; lastKnownFileType = sourcecode.swift; path = SceneDelegate.swift; sourceTree = "<group>"; };
		89DC69E628DB66EC00CA545D /* ViewController.swift */ = {isa = PBXFileReference; lastKnownFileType = sourcecode.swift; path = ViewController.swift; sourceTree = "<group>"; };
		89DC69E928DB66EC00CA545D /* Base */ = {isa = PBXFileReference; lastKnownFileType = file.storyboard; name = Base; path = Base.lproj/Main.storyboard; sourceTree = "<group>"; };
		89DC69EB28DB66EC00CA545D /* Assets.xcassets */ = {isa = PBXFileReference; lastKnownFileType = folder.assetcatalog; path = Assets.xcassets; sourceTree = "<group>"; };
		89DC69EE28DB66EC00CA545D /* Base */ = {isa = PBXFileReference; lastKnownFileType = file.storyboard; name = Base; path = Base.lproj/LaunchScreen.storyboard; sourceTree = "<group>"; };
		89DC69F028DB66EC00CA545D /* Info.plist */ = {isa = PBXFileReference; lastKnownFileType = text.plist.xml; path = Info.plist; sourceTree = "<group>"; };
		89DC69F628DB755B00CA545D /* TimelineViewController.swift */ = {isa = PBXFileReference; lastKnownFileType = sourcecode.swift; path = TimelineViewController.swift; sourceTree = "<group>"; };
		89DC69F828DB757100CA545D /* ExploreViewController.swift */ = {isa = PBXFileReference; lastKnownFileType = sourcecode.swift; path = ExploreViewController.swift; sourceTree = "<group>"; };
		89DC69FA28DB757300CA545D /* ActivityViewController.swift */ = {isa = PBXFileReference; lastKnownFileType = sourcecode.swift; path = ActivityViewController.swift; sourceTree = "<group>"; };
		89DC69FC28DB757500CA545D /* ProfileViewController.swift */ = {isa = PBXFileReference; lastKnownFileType = sourcecode.swift; path = ProfileViewController.swift; sourceTree = "<group>"; };
/* End PBXFileReference section */

/* Begin PBXFrameworksBuildPhase section */
		89DC69DC28DB66EC00CA545D /* Frameworks */ = {
			isa = PBXFrameworksBuildPhase;
			buildActionMask = 2147483647;
			files = (
			);
			runOnlyForDeploymentPostprocessing = 0;
		};
/* End PBXFrameworksBuildPhase section */

/* Begin PBXGroup section */
		89DC69D628DB66EC00CA545D = {
			isa = PBXGroup;
			children = (
				89DC69E128DB66EC00CA545D /* swiftgram */,
				89DC69E028DB66EC00CA545D /* Products */,
			);
			sourceTree = "<group>";
		};
		89DC69E028DB66EC00CA545D /* Products */ = {
			isa = PBXGroup;
			children = (
				89DC69DF28DB66EC00CA545D /* swiftgram.app */,
			);
			name = Products;
			sourceTree = "<group>";
		};
		89DC69E128DB66EC00CA545D /* swiftgram */ = {
			isa = PBXGroup;
			children = (
				89DC69E228DB66EC00CA545D /* AppDelegate.swift */,
				89DC69E428DB66EC00CA545D /* SceneDelegate.swift */,
				89DC69E628DB66EC00CA545D /* ViewController.swift */,
				89DC69F628DB755B00CA545D /* TimelineViewController.swift */,
				89DC69F828DB757100CA545D /* ExploreViewController.swift */,
				89DC69FA28DB757300CA545D /* ActivityViewController.swift */,
				89DC69FC28DB757500CA545D /* ProfileViewController.swift */,
				89DC69E828DB66EC00CA545D /* Main.storyboard */,
				89DC69EB28DB66EC00CA545D /* Assets.xcassets */,
				89DC69ED28DB66EC00CA545D /* LaunchScreen.storyboard */,
				89DC69F028DB66EC00CA545D /* Info.plist */,
			);
			path = swiftgram;
			sourceTree = "<group>";
		};
/* End PBXGroup section */

/* Begin PBXNativeTarget section */
		89DC69DE28DB66EC00CA545D /* swiftgram */ = {
			isa = PBXNativeTarget;
			buildConfigurationList = 89DC69F328DB66EC00CA545D /* Build configuration list for PBXNativeTarget "swiftgram" */;
			buildPhases = (
				89DC69DB28DB66EC00CA545D /* Sources */,
				89DC69DC28DB66EC00CA545D /* Frameworks */,
				89DC69DD28DB66EC00CA545D /* Resources */,
			);
			buildRules = (
			);
			dependencies = (
			);
			name = swiftgram;
			productName = swiftgram;
			productReference = 89DC69DF28DB66EC00CA545D /* swiftgram.app */;
			productType = "com.apple.product-type.application";
		};
/* End PBXNativeTarget section */

/* Begin PBXProject section */
		89DC69D728DB66EC00CA545D /* Project object */ = {
			isa = PBXProject;
			attributes = {
				BuildIndependentTargetsInParallel = 1;
				LastSwiftUpdateCheck = 1400;
				LastUpgradeCheck = 1400;
				TargetAttributes = {
					89DC69DE28DB66EC00CA545D = {
						CreatedOnToolsVersion = 14.0;
					};
				};
			};
			buildConfigurationList = 89DC69DA28DB66EC00CA545D /* Build configuration list for PBXProject "swiftgram" */;
			compatibilityVersion = "Xcode 14.0";
			developmentRegion = en;
			hasScannedForEncodings = 0;
			knownRegions = (
				en,
				Base,
			);
			mainGroup = 89DC69D628DB66EC00CA545D;
			productRefGroup = 89DC69E028DB66EC00CA545D /* Products */;
			projectDirPath = "";
			projectRoot = "";
			targets = (
				89DC69DE28DB66EC00CA545D /* swiftgram */,
			);
		};
/* End PBXProject section */

/* Begin PBXResourcesBuildPhase section */
		89DC69DD28DB66EC00CA545D /* Resources */ = {
			isa = PBXResourcesBuildPhase;
			buildActionMask = 2147483647;
			files = (
				89DC69EF28DB66EC00CA545D /* LaunchScreen.storyboard in Resources */,
				89DC69EC28DB66EC00CA545D /* Assets.xcassets in Resources */,
				89DC69EA28DB66EC00CA545D /* Main.storyboard in Resources */,
			);
			runOnlyForDeploymentPostprocessing = 0;
		};
/* End PBXResourcesBuildPhase section */

/* Begin PBXSourcesBuildPhase section */
		89DC69DB28DB66EC00CA545D /* Sources */ = {
			isa = PBXSourcesBuildPhase;
			buildActionMask = 2147483647;
			files = (
				89DC69E728DB66EC00CA545D /* ViewController.swift in Sources */,
				89DC69E328DB66EC00CA545D /* AppDelegate.swift in Sources */,
				89DC69FD28DB757500CA545D /* ProfileViewController.swift in Sources */,
				89DC69F928DB757100CA545D /* ExploreViewController.swift in Sources */,
				89DC69FB28DB757300CA545D /* ActivityViewController.swift in Sources */,
				89DC69F728DB755B00CA545D /* TimelineViewController.swift in Sources */,
				89DC69E528DB66EC00CA545D /* SceneDelegate.swift in Sources */,
			);
			runOnlyForDeploymentPostprocessing = 0;
		};
/* End PBXSourcesBuildPhase section */

/* Begin PBXVariantGroup section */
		89DC69E828DB66EC00CA545D /* Main.storyboard */ = {
			isa = PBXVariantGroup;
			children = (
				89DC69E928DB66EC00CA545D /* Base */,
			);
			name = Main.storyboard;
			sourceTree = "<group>";
		};
		89DC69ED28DB66EC00CA545D /* LaunchScreen.storyboard */ = {
			isa = PBXVariantGroup;
			children = (
				89DC69EE28DB66EC00CA545D /* Base */,
			);
			name = LaunchScreen.storyboard;
			sourceTree = "<group>";
		};
/* End PBXVariantGroup section */

/* Begin XCBuildConfiguration section */
		89DC69F128DB66EC00CA545D /* Debug */ = {
			isa = XCBuildConfiguration;
			buildSettings = {
				ALWAYS_SEARCH_USER_PATHS = NO;
				CLANG_ANALYZER_NONNULL = YES;
				CLANG_ANALYZER_NUMBER_OBJECT_CONVERSION = YES_AGGRESSIVE;
				CLANG_CXX_LANGUAGE_STANDARD = "gnu++20";
				CLANG_ENABLE_MODULES = YES;
				CLANG_ENABLE_OBJC_ARC = YES;
				CLANG_ENABLE_OBJC_WEAK = YES;
				CLANG_WARN_BLOCK_CAPTURE_AUTORELEASING = YES;
				CLANG_WARN_BOOL_CONVERSION = YES;
				CLANG_WARN_COMMA = YES;
				CLANG_WARN_CONSTANT_CONVERSION = YES;
				CLANG_WARN_DEPRECATED_OBJC_IMPLEMENTATIONS = YES;
				CLANG_WARN_DIRECT_OBJC_ISA_USAGE = YES_ERROR;
				CLANG_WARN_DOCUMENTATION_COMMENTS = YES;
				CLANG_WARN_EMPTY_BODY = YES;
				CLANG_WARN_ENUM_CONVERSION = YES;
				CLANG_WARN_INFINITE_RECURSION = YES;
				CLANG_WARN_INT_CONVERSION = YES;
				CLANG_WARN_NON_LITERAL_NULL_CONVERSION = YES;
				CLANG_WARN_OBJC_IMPLICIT_RETAIN_SELF = YES;
				CLANG_WARN_OBJC_LITERAL_CONVERSION = YES;
				CLANG_WARN_OBJC_ROOT_CLASS = YES_ERROR;
				CLANG_WARN_QUOTED_INCLUDE_IN_FRAMEWORK_HEADER = YES;
				CLANG_WARN_RANGE_LOOP_ANALYSIS = YES;
				CLANG_WARN_STRICT_PROTOTYPES = YES;
				CLANG_WARN_SUSPICIOUS_MOVE = YES;
				CLANG_WARN_UNGUARDED_AVAILABILITY = YES_AGGRESSIVE;
				CLANG_WARN_UNREACHABLE_CODE = YES;
				CLANG_WARN__DUPLICATE_METHOD_MATCH = YES;
				COPY_PHASE_STRIP = NO;
				DEBUG_INFORMATION_FORMAT = dwarf;
				ENABLE_STRICT_OBJC_MSGSEND = YES;
				ENABLE_TESTABILITY = YES;
				GCC_C_LANGUAGE_STANDARD = gnu11;
				GCC_DYNAMIC_NO_PIC = NO;
				GCC_NO_COMMON_BLOCKS = YES;
				GCC_OPTIMIZATION_LEVEL = 0;
				GCC_PREPROCESSOR_DEFINITIONS = (
					"DEBUG=1",
					"$(inherited)",
				);
				GCC_WARN_64_TO_32_BIT_CONVERSION = YES;
				GCC_WARN_ABOUT_RETURN_TYPE = YES_ERROR;
				GCC_WARN_UNDECLARED_SELECTOR = YES;
				GCC_WARN_UNINITIALIZED_AUTOS = YES_AGGRESSIVE;
				GCC_WARN_UNUSED_FUNCTION = YES;
				GCC_WARN_UNUSED_VARIABLE = YES;
				IPHONEOS_DEPLOYMENT_TARGET = 16.0;
				MTL_ENABLE_DEBUG_INFO = INCLUDE_SOURCE;
				MTL_FAST_MATH = YES;
				ONLY_ACTIVE_ARCH = YES;
				SDKROOT = iphoneos;
				SWIFT_ACTIVE_COMPILATION_CONDITIONS = DEBUG;
				SWIFT_OPTIMIZATION_LEVEL = "-Onone";
			};
			name = Debug;
		};
		89DC69F228DB66EC00CA545D /* Release */ = {
			isa = XCBuildConfiguration;
			buildSettings = {
				ALWAYS_SEARCH_USER_PATHS = NO;
				CLANG_ANALYZER_NONNULL = YES;
				CLANG_ANALYZER_NUMBER_OBJECT_CONVERSION = YES_AGGRESSIVE;
				CLANG_CXX_LANGUAGE_STANDARD = "gnu++20";
				CLANG_ENABLE_MODULES = YES;
				CLANG_ENABLE_OBJC_ARC = YES;
				CLANG_ENABLE_OBJC_WEAK = YES;
				CLANG_WARN_BLOCK_CAPTURE_AUTORELEASING = YES;
				CLANG_WARN_BOOL_CONVERSION = YES;
				CLANG_WARN_COMMA = YES;
				CLANG_WARN_CONSTANT_CONVERSION = YES;
				CLANG_WARN_DEPRECATED_OBJC_IMPLEMENTATIONS = YES;
				CLANG_WARN_DIRECT_OBJC_ISA_USAGE = YES_ERROR;
				CLANG_WARN_DOCUMENTATION_COMMENTS = YES;
				CLANG_WARN_EMPTY_BODY = YES;
				CLANG_WARN_ENUM_CONVERSION = YES;
				CLANG_WARN_INFINITE_RECURSION = YES;
				CLANG_WARN_INT_CONVERSION = YES;
				CLANG_WARN_NON_LITERAL_NULL_CONVERSION = YES;
				CLANG_WARN_OBJC_IMPLICIT_RETAIN_SELF = YES;
				CLANG_WARN_OBJC_LITERAL_CONVERSION = YES;
				CLANG_WARN_OBJC_ROOT_CLASS = YES_ERROR;
				CLANG_WARN_QUOTED_INCLUDE_IN_FRAMEWORK_HEADER = YES;
				CLANG_WARN_RANGE_LOOP_ANALYSIS = YES;
				CLANG_WARN_STRICT_PROTOTYPES = YES;
				CLANG_WARN_SUSPICIOUS_MOVE = YES;
				CLANG_WARN_UNGUARDED_AVAILABILITY = YES_AGGRESSIVE;
				CLANG_WARN_UNREACHABLE_CODE = YES;
				CLANG_WARN__DUPLICATE_METHOD_MATCH = YES;
				COPY_PHASE_STRIP = NO;
				DEBUG_INFORMATION_FORMAT = "dwarf-with-dsym";
				ENABLE_NS_ASSERTIONS = NO;
				ENABLE_STRICT_OBJC_MSGSEND = YES;
				GCC_C_LANGUAGE_STANDARD = gnu11;
				GCC_NO_COMMON_BLOCKS = YES;
				GCC_WARN_64_TO_32_BIT_CONVERSION = YES;
				GCC_WARN_ABOUT_RETURN_TYPE = YES_ERROR;
				GCC_WARN_UNDECLARED_SELECTOR = YES;
				GCC_WARN_UNINITIALIZED_AUTOS = YES_AGGRESSIVE;
				GCC_WARN_UNUSED_FUNCTION = YES;
				GCC_WARN_UNUSED_VARIABLE = YES;
				IPHONEOS_DEPLOYMENT_TARGET = 16.0;
				MTL_ENABLE_DEBUG_INFO = NO;
				MTL_FAST_MATH = YES;
				SDKROOT = iphoneos;
				SWIFT_COMPILATION_MODE = wholemodule;
				SWIFT_OPTIMIZATION_LEVEL = "-O";
				VALIDATE_PRODUCT = YES;
			};
			name = Release;
		};
		89DC69F428DB66EC00CA545D /* Debug */ = {
			isa = XCBuildConfiguration;
			buildSettings = {
				ASSETCATALOG_COMPILER_APPICON_NAME = AppIcon;
				ASSETCATALOG_COMPILER_GLOBAL_ACCENT_COLOR_NAME = AccentColor;
				CODE_SIGN_STYLE = Automatic;
				CURRENT_PROJECT_VERSION = 1;
				DEVELOPMENT_TEAM = XB3KD3V58C;
				GENERATE_INFOPLIST_FILE = YES;
				INFOPLIST_FILE = swiftgram/Info.plist;
				INFOPLIST_KEY_CFBundleDisplayName = Swiftgram;
				INFOPLIST_KEY_LSApplicationCategoryType = "public.app-category.photography";
				INFOPLIST_KEY_UIApplicationSupportsIndirectInputEvents = YES;
				INFOPLIST_KEY_UILaunchStoryboardName = LaunchScreen;
				INFOPLIST_KEY_UIMainStoryboardFile = Main;
				INFOPLIST_KEY_UIRequiresFullScreen = NO;
				INFOPLIST_KEY_UIStatusBarStyle = UIStatusBarStyleLightContent;
				INFOPLIST_KEY_UISupportedInterfaceOrientations = UIInterfaceOrientationPortrait;
				LD_RUNPATH_SEARCH_PATHS = (
					"$(inherited)",
					"@executable_path/Frameworks",
				);
				MARKETING_VERSION = 1.0;
				PRODUCT_BUNDLE_IDENTIFIER = de.LeLoomi.swiftgram;
				PRODUCT_NAME = "$(TARGET_NAME)";
				SUPPORTED_PLATFORMS = "iphoneos iphonesimulator";
				SUPPORTS_MACCATALYST = NO;
				SUPPORTS_MAC_DESIGNED_FOR_IPHONE_IPAD = NO;
				SWIFT_EMIT_LOC_STRINGS = YES;
				SWIFT_VERSION = 5.0;
				TARGETED_DEVICE_FAMILY = 1;
			};
			name = Debug;
		};
		89DC69F528DB66EC00CA545D /* Release */ = {
			isa = XCBuildConfiguration;
			buildSettings = {
				ASSETCATALOG_COMPILER_APPICON_NAME = AppIcon;
				ASSETCATALOG_COMPILER_GLOBAL_ACCENT_COLOR_NAME = AccentColor;
				CODE_SIGN_STYLE = Automatic;
				CURRENT_PROJECT_VERSION = 1;
				DEVELOPMENT_TEAM = XB3KD3V58C;
				GENERATE_INFOPLIST_FILE = YES;
				INFOPLIST_FILE = swiftgram/Info.plist;
				INFOPLIST_KEY_CFBundleDisplayName = Swiftgram;
				INFOPLIST_KEY_LSApplicationCategoryType = "public.app-category.photography";
				INFOPLIST_KEY_UIApplicationSupportsIndirectInputEvents = YES;
				INFOPLIST_KEY_UILaunchStoryboardName = LaunchScreen;
				INFOPLIST_KEY_UIMainStoryboardFile = Main;
				INFOPLIST_KEY_UIRequiresFullScreen = NO;
				INFOPLIST_KEY_UIStatusBarStyle = UIStatusBarStyleLightContent;
				INFOPLIST_KEY_UISupportedInterfaceOrientations = UIInterfaceOrientationPortrait;
				LD_RUNPATH_SEARCH_PATHS = (
					"$(inherited)",
					"@executable_path/Frameworks",
				);
				MARKETING_VERSION = 1.0;
				PRODUCT_BUNDLE_IDENTIFIER = de.LeLoomi.swiftgram;
				PRODUCT_NAME = "$(TARGET_NAME)";
				SUPPORTED_PLATFORMS = "iphoneos iphonesimulator";
				SUPPORTS_MACCATALYST = NO;
				SUPPORTS_MAC_DESIGNED_FOR_IPHONE_IPAD = NO;
				SWIFT_EMIT_LOC_STRINGS = YES;
				SWIFT_VERSION = 5.0;
				TARGETED_DEVICE_FAMILY = 1;
			};
			name = Release;
		};
/* End XCBuildConfiguration section */

/* Begin XCConfigurationList section */
		89DC69DA28DB66EC00CA545D /* Build configuration list for PBXProject "swiftgram" */ = {
			isa = XCConfigurationList;
			buildConfigurations = (
				89DC69F128DB66EC00CA545D /* Debug */,
				89DC69F228DB66EC00CA545D /* Release */,
			);
			defaultConfigurationIsVisible = 0;
			defaultConfigurationName = Release;
		};
		89DC69F328DB66EC00CA545D /* Build configuration list for PBXNativeTarget "swiftgram" */ = {
			isa = XCConfigurationList;
			buildConfigurations = (
				89DC69F428DB66EC00CA545D /* Debug */,
				89DC69F528DB66EC00CA545D /* Release */,
			);
			defaultConfigurationIsVisible = 0;
			defaultConfigurationName = Release;
		};
/* End XCConfigurationList section */
	};
	rootObject = 89DC69D728DB66EC00CA545D /* Project object */;
}
